
Microsoft Visual Studio Solution File, Format Version 12.00
# Visual Studio 15
VisualStudioVersion = 15.0.28307.168
MinimumVisualStudioVersion = 10.0.40219.1
Project("{FAE04EC0-301F-11D3-BF4B-00C04F79EFBC}") = "Algorithms and Structures by PCMS", "Algorithms and Structures by PCMS\Algorithms and Structures by PCMS.csproj", "{FAB53C2A-E6AB-42D5-BD2E-D5399B8812DC}"
EndProject
Global
	GlobalSection(SolutionConfigurationPlatforms) = preSolution
		Debug|Any CPU = Debug|Any CPU
		Release|Any CPU = Release|Any CPU
	EndGlobalSection
	GlobalSection(ProjectConfigurationPlatforms) = postSolution
		{FAB53C2A-E6AB-42D5-BD2E-D5399B8812DC}.Debug|Any CPU.ActiveCfg = Debug|Any CPU
		{FAB53C2A-E6AB-42D5-BD2E-D5399B8812DC}.Debug|Any CPU.Build.0 = Debug|Any CPU
		{FAB53C2A-E6AB-42D5-BD2E-D5399B8812DC}.Release|Any CPU.ActiveCfg = Release|Any CPU
		{FAB53C2A-E6AB-42D5-BD2E-D5399B8812DC}.Release|Any CPU.Build.0 = Release|Any CPU
	EndGlobalSection
	GlobalSection(SolutionProperties) = preSolution
		HideSolutionNode = FALSE
	EndGlobalSection
	GlobalSection(ExtensibilityGlobals) = postSolution
		SolutionGuid = {F20F9019-0F41-42F6-B871-03F5F0BE545A}
	EndGlobalSection
EndGlobal
