
Microsoft Visual Studio Solution File, Format Version 12.00
# Visual Studio 15
VisualStudioVersion = 15.0.28307.168
MinimumVisualStudioVersion = 10.0.40219.1
Project("{FAE04EC0-301F-11D3-BF4B-00C04F79EFBC}") = "Merge sort", "MergeSort\Merge sort.csproj", "{45149E9E-970F-44B1-A50B-4AD8ECCA28CA}"
EndProject
Project("{FAE04EC0-301F-11D3-BF4B-00C04F79EFBC}") = "AntiQuickSort", "AntiQuickSort\AntiQuickSort.csproj", "{9145FAA2-AECA-4B2E-B312-B7763A6850F6}"
EndProject
Project("{FAE04EC0-301F-11D3-BF4B-00C04F79EFBC}") = "Inversions", "Inversions\Inversions.csproj", "{9E9E372A-54A0-44A4-B487-DEE844BB5C70}"
EndProject
Project("{FAE04EC0-301F-11D3-BF4B-00C04F79EFBC}") = "Runners", "Runners\Runners.csproj", "{6757EB5B-118F-4210-AD38-3E463E4CC419}"
EndProject
Project("{FAE04EC0-301F-11D3-BF4B-00C04F79EFBC}") = "k-th order statistic", "k-th order statistic\k-th order statistic.csproj", "{9E4E7DC5-E218-419C-A7A1-F53B2E4BA8B2}"
EndProject
Project("{FAE04EC0-301F-11D3-BF4B-00C04F79EFBC}") = "Binary Search", "Binary Search\Binary Search.csproj", "{FA5D8DA0-300C-4400-AB96-AA767FA4FACC}"
EndProject
Project("{FAE04EC0-301F-11D3-BF4B-00C04F79EFBC}") = "Heap Sort", "Heap Sort\Heap Sort.csproj", "{9CF7AD6C-6EC7-4B83-8F83-6CC1F55FFC78}"
EndProject
Project("{FAE04EC0-301F-11D3-BF4B-00C04F79EFBC}") = "Radix Sort", "Radix Sort\Radix Sort.csproj", "{45F94ED0-BAF2-40E8-92B0-FC1CE25BA3F3}"
EndProject
Project("{FAE04EC0-301F-11D3-BF4B-00C04F79EFBC}") = "Garland", "Garland\Garland.csproj", "{5A9E3D7E-B9A5-4585-92AA-32B8CF58A47D}"
EndProject
Project("{FAE04EC0-301F-11D3-BF4B-00C04F79EFBC}") = "Priority Queue", "Queue\Priority Queue.csproj", "{2FA5E7D2-1330-4F76-8DB1-7D32F6EDBCF3}"
EndProject
Project("{FAE04EC0-301F-11D3-BF4B-00C04F79EFBC}") = "Postfix", "Postfix\Postfix.csproj", "{121CDDB8-C96C-4EA4-B414-AA611C91BC5A}"
EndProject
Project("{FAE04EC0-301F-11D3-BF4B-00C04F79EFBC}") = "Brackets", "Brackets\Brackets.csproj", "{7256CF68-156B-4D56-82AE-D19589AFC854}"
EndProject
Project("{FAE04EC0-301F-11D3-BF4B-00C04F79EFBC}") = "Stack", "Stack\Stack.csproj", "{99C0EA47-6BD1-4FC4-AC01-CCAF10194C27}"
EndProject
Project("{FAE04EC0-301F-11D3-BF4B-00C04F79EFBC}") = "Set", "Set\Set.csproj", "{7526D3F8-A831-4F45-B7F3-76B042531C40}"
EndProject
Project("{FAE04EC0-301F-11D3-BF4B-00C04F79EFBC}") = "Map", "Map\Map.csproj", "{626789E3-2746-4545-9F15-49F93030FB6E}"
EndProject
Project("{FAE04EC0-301F-11D3-BF4B-00C04F79EFBC}") = "Adjacency Matrix", "Adjacency Matrix\Adjacency Matrix.csproj", "{5EEC78C3-5BD3-4AC1-97BF-272213A1C3C4}"
EndProject
Project("{FAE04EC0-301F-11D3-BF4B-00C04F79EFBC}") = "IsUndirected", "IsUndirected\IsUndirected.csproj", "{9F5ACCB3-48AA-476D-9515-7C6CD86599C8}"
EndProject
Project("{FAE04EC0-301F-11D3-BF4B-00C04F79EFBC}") = "IsParallel", "IsParallel\IsParallel.csproj", "{B4D3B5BD-32A0-4728-837F-3F43D891CBDC}"
EndProject
Project("{FAE04EC0-301F-11D3-BF4B-00C04F79EFBC}") = "Components", "Components\Components.csproj", "{EA2CA5A9-5DB0-47BF-835A-601CD8EF99B0}"
EndProject
Project("{FAE04EC0-301F-11D3-BF4B-00C04F79EFBC}") = "Pathbge1", "Pathbge1\Pathbge1.csproj", "{08C64278-BD1B-4565-B703-E8D4CE46EAF9}"
EndProject
Project("{FAE04EC0-301F-11D3-BF4B-00C04F79EFBC}") = "Maze", "Maze\Maze.csproj", "{3582D403-7B06-48E8-A22F-B931F6583028}"
EndProject
Project("{FAE04EC0-301F-11D3-BF4B-00C04F79EFBC}") = "Top sort", "Top sort\Top sort.csproj", "{8860B6AA-2640-4001-89BF-AB7518F558A6}"
EndProject
Project("{FAE04EC0-301F-11D3-BF4B-00C04F79EFBC}") = "DejCount", "DejCount\DejCount.csproj", "{E856FA79-D97A-4BA6-84AF-6A94F71AD0F1}"
EndProject
Project("{FAE04EC0-301F-11D3-BF4B-00C04F79EFBC}") = "SpanTree2", "SpanTree2\SpanTree2.csproj", "{E370A79C-0882-4F3F-931C-A044C73D1804}"
EndProject
Project("{FAE04EC0-301F-11D3-BF4B-00C04F79EFBC}") = "SpanTree", "SpanTree\SpanTree.csproj", "{12F84DB8-67EE-41C9-BB61-5B9EA4C2D7BC}"
EndProject
Project("{FAE04EC0-301F-11D3-BF4B-00C04F79EFBC}") = "2Chinese", "2Chinese\2Chinese.csproj", "{A9A94EA2-F376-43D2-9B49-067C77312471}"
EndProject
Project("{FAE04EC0-301F-11D3-BF4B-00C04F79EFBC}") = "Dijkstra", "Dijkstra\Dijkstra.csproj", "{A091BB90-6657-4C3B-A873-A7A8F4B1B7CF}"
EndProject
Project("{FAE04EC0-301F-11D3-BF4B-00C04F79EFBC}") = "Shortest1to1", "Shortest1to1\Shortest1to1.csproj", "{785CECC1-9596-4C33-BE7C-CBE56E3F9711}"
EndProject
Project("{FAE04EC0-301F-11D3-BF4B-00C04F79EFBC}") = "Floyd", "Floyd\Floyd.csproj", "{4EE74914-9724-4D2D-90AB-B92F3B888847}"
EndProject
Project("{FAE04EC0-301F-11D3-BF4B-00C04F79EFBC}") = "Bellman-Ford", "Bellman-Ford\Bellman-Ford.csproj", "{304A1866-A0D6-45D7-B19F-2B2DB1625333}"
EndProject
Project("{FAE04EC0-301F-11D3-BF4B-00C04F79EFBC}") = "Negative Cycle", "Negative Cycle\Negative Cycle.csproj", "{0A79C74F-764F-43CF-8A84-631D562A2658}"
EndProject
Project("{FAE04EC0-301F-11D3-BF4B-00C04F79EFBC}") = "Maxflow", "Maxflow\Maxflow.csproj", "{4A23BD1A-4BE6-4DE5-BA24-C59B739E1E6C}"
EndProject
Project("{FAE04EC0-301F-11D3-BF4B-00C04F79EFBC}") = "Search1", "Search1\Search1.csproj", "{7D24E0FF-EB22-4B8F-BD3B-E0BF4095223F}"
EndProject
Project("{FAE04EC0-301F-11D3-BF4B-00C04F79EFBC}") = "Search2", "Search2\Search2.csproj", "{7EBB2128-11EF-4E1E-A67C-BA4B05595481}"
EndProject
Project("{FAE04EC0-301F-11D3-BF4B-00C04F79EFBC}") = "Prefix", "Prefix\Prefix.csproj", "{9877E174-264E-427F-B6C7-02B15891ED57}"
EndProject
Project("{FAE04EC0-301F-11D3-BF4B-00C04F79EFBC}") = "Algorithms and Structures by PCMS", "Algorithms and Structures by PCMS\Algorithms and Structures by PCMS.csproj", "{FAB53C2A-E6AB-42D5-BD2E-D5399B8812DC}"
EndProject
Global
	GlobalSection(SolutionConfigurationPlatforms) = preSolution
		Debug|Any CPU = Debug|Any CPU
		Release|Any CPU = Release|Any CPU
	EndGlobalSection
	GlobalSection(ProjectConfigurationPlatforms) = postSolution
		{45149E9E-970F-44B1-A50B-4AD8ECCA28CA}.Debug|Any CPU.ActiveCfg = Debug|Any CPU
		{45149E9E-970F-44B1-A50B-4AD8ECCA28CA}.Debug|Any CPU.Build.0 = Debug|Any CPU
		{45149E9E-970F-44B1-A50B-4AD8ECCA28CA}.Release|Any CPU.ActiveCfg = Release|Any CPU
		{45149E9E-970F-44B1-A50B-4AD8ECCA28CA}.Release|Any CPU.Build.0 = Release|Any CPU
		{9145FAA2-AECA-4B2E-B312-B7763A6850F6}.Debug|Any CPU.ActiveCfg = Debug|Any CPU
		{9145FAA2-AECA-4B2E-B312-B7763A6850F6}.Debug|Any CPU.Build.0 = Debug|Any CPU
		{9145FAA2-AECA-4B2E-B312-B7763A6850F6}.Release|Any CPU.ActiveCfg = Release|Any CPU
		{9145FAA2-AECA-4B2E-B312-B7763A6850F6}.Release|Any CPU.Build.0 = Release|Any CPU
		{9E9E372A-54A0-44A4-B487-DEE844BB5C70}.Debug|Any CPU.ActiveCfg = Debug|Any CPU
		{9E9E372A-54A0-44A4-B487-DEE844BB5C70}.Debug|Any CPU.Build.0 = Debug|Any CPU
		{9E9E372A-54A0-44A4-B487-DEE844BB5C70}.Release|Any CPU.ActiveCfg = Release|Any CPU
		{9E9E372A-54A0-44A4-B487-DEE844BB5C70}.Release|Any CPU.Build.0 = Release|Any CPU
		{6757EB5B-118F-4210-AD38-3E463E4CC419}.Debug|Any CPU.ActiveCfg = Debug|Any CPU
		{6757EB5B-118F-4210-AD38-3E463E4CC419}.Debug|Any CPU.Build.0 = Debug|Any CPU
		{6757EB5B-118F-4210-AD38-3E463E4CC419}.Release|Any CPU.ActiveCfg = Release|Any CPU
		{6757EB5B-118F-4210-AD38-3E463E4CC419}.Release|Any CPU.Build.0 = Release|Any CPU
		{9E4E7DC5-E218-419C-A7A1-F53B2E4BA8B2}.Debug|Any CPU.ActiveCfg = Debug|Any CPU
		{9E4E7DC5-E218-419C-A7A1-F53B2E4BA8B2}.Debug|Any CPU.Build.0 = Debug|Any CPU
		{9E4E7DC5-E218-419C-A7A1-F53B2E4BA8B2}.Release|Any CPU.ActiveCfg = Release|Any CPU
		{9E4E7DC5-E218-419C-A7A1-F53B2E4BA8B2}.Release|Any CPU.Build.0 = Release|Any CPU
		{FA5D8DA0-300C-4400-AB96-AA767FA4FACC}.Debug|Any CPU.ActiveCfg = Debug|Any CPU
		{FA5D8DA0-300C-4400-AB96-AA767FA4FACC}.Debug|Any CPU.Build.0 = Debug|Any CPU
		{FA5D8DA0-300C-4400-AB96-AA767FA4FACC}.Release|Any CPU.ActiveCfg = Release|Any CPU
		{FA5D8DA0-300C-4400-AB96-AA767FA4FACC}.Release|Any CPU.Build.0 = Release|Any CPU
		{9CF7AD6C-6EC7-4B83-8F83-6CC1F55FFC78}.Debug|Any CPU.ActiveCfg = Debug|Any CPU
		{9CF7AD6C-6EC7-4B83-8F83-6CC1F55FFC78}.Debug|Any CPU.Build.0 = Debug|Any CPU
		{9CF7AD6C-6EC7-4B83-8F83-6CC1F55FFC78}.Release|Any CPU.ActiveCfg = Release|Any CPU
		{9CF7AD6C-6EC7-4B83-8F83-6CC1F55FFC78}.Release|Any CPU.Build.0 = Release|Any CPU
		{45F94ED0-BAF2-40E8-92B0-FC1CE25BA3F3}.Debug|Any CPU.ActiveCfg = Debug|Any CPU
		{45F94ED0-BAF2-40E8-92B0-FC1CE25BA3F3}.Debug|Any CPU.Build.0 = Debug|Any CPU
		{45F94ED0-BAF2-40E8-92B0-FC1CE25BA3F3}.Release|Any CPU.ActiveCfg = Release|Any CPU
		{45F94ED0-BAF2-40E8-92B0-FC1CE25BA3F3}.Release|Any CPU.Build.0 = Release|Any CPU
		{5A9E3D7E-B9A5-4585-92AA-32B8CF58A47D}.Debug|Any CPU.ActiveCfg = Debug|Any CPU
		{5A9E3D7E-B9A5-4585-92AA-32B8CF58A47D}.Debug|Any CPU.Build.0 = Debug|Any CPU
		{5A9E3D7E-B9A5-4585-92AA-32B8CF58A47D}.Release|Any CPU.ActiveCfg = Release|Any CPU
		{5A9E3D7E-B9A5-4585-92AA-32B8CF58A47D}.Release|Any CPU.Build.0 = Release|Any CPU
		{2FA5E7D2-1330-4F76-8DB1-7D32F6EDBCF3}.Debug|Any CPU.ActiveCfg = Debug|Any CPU
		{2FA5E7D2-1330-4F76-8DB1-7D32F6EDBCF3}.Debug|Any CPU.Build.0 = Debug|Any CPU
		{2FA5E7D2-1330-4F76-8DB1-7D32F6EDBCF3}.Release|Any CPU.ActiveCfg = Release|Any CPU
		{2FA5E7D2-1330-4F76-8DB1-7D32F6EDBCF3}.Release|Any CPU.Build.0 = Release|Any CPU
		{121CDDB8-C96C-4EA4-B414-AA611C91BC5A}.Debug|Any CPU.ActiveCfg = Debug|Any CPU
		{121CDDB8-C96C-4EA4-B414-AA611C91BC5A}.Debug|Any CPU.Build.0 = Debug|Any CPU
		{121CDDB8-C96C-4EA4-B414-AA611C91BC5A}.Release|Any CPU.ActiveCfg = Release|Any CPU
		{121CDDB8-C96C-4EA4-B414-AA611C91BC5A}.Release|Any CPU.Build.0 = Release|Any CPU
		{7256CF68-156B-4D56-82AE-D19589AFC854}.Debug|Any CPU.ActiveCfg = Debug|Any CPU
		{7256CF68-156B-4D56-82AE-D19589AFC854}.Debug|Any CPU.Build.0 = Debug|Any CPU
		{7256CF68-156B-4D56-82AE-D19589AFC854}.Release|Any CPU.ActiveCfg = Release|Any CPU
		{7256CF68-156B-4D56-82AE-D19589AFC854}.Release|Any CPU.Build.0 = Release|Any CPU
		{99C0EA47-6BD1-4FC4-AC01-CCAF10194C27}.Debug|Any CPU.ActiveCfg = Debug|Any CPU
		{99C0EA47-6BD1-4FC4-AC01-CCAF10194C27}.Debug|Any CPU.Build.0 = Debug|Any CPU
		{99C0EA47-6BD1-4FC4-AC01-CCAF10194C27}.Release|Any CPU.ActiveCfg = Release|Any CPU
		{99C0EA47-6BD1-4FC4-AC01-CCAF10194C27}.Release|Any CPU.Build.0 = Release|Any CPU
		{7526D3F8-A831-4F45-B7F3-76B042531C40}.Debug|Any CPU.ActiveCfg = Debug|Any CPU
		{7526D3F8-A831-4F45-B7F3-76B042531C40}.Debug|Any CPU.Build.0 = Debug|Any CPU
		{7526D3F8-A831-4F45-B7F3-76B042531C40}.Release|Any CPU.ActiveCfg = Release|Any CPU
		{7526D3F8-A831-4F45-B7F3-76B042531C40}.Release|Any CPU.Build.0 = Release|Any CPU
		{626789E3-2746-4545-9F15-49F93030FB6E}.Debug|Any CPU.ActiveCfg = Debug|Any CPU
		{626789E3-2746-4545-9F15-49F93030FB6E}.Debug|Any CPU.Build.0 = Debug|Any CPU
		{626789E3-2746-4545-9F15-49F93030FB6E}.Release|Any CPU.ActiveCfg = Release|Any CPU
		{626789E3-2746-4545-9F15-49F93030FB6E}.Release|Any CPU.Build.0 = Release|Any CPU
		{5EEC78C3-5BD3-4AC1-97BF-272213A1C3C4}.Debug|Any CPU.ActiveCfg = Debug|Any CPU
		{5EEC78C3-5BD3-4AC1-97BF-272213A1C3C4}.Debug|Any CPU.Build.0 = Debug|Any CPU
		{5EEC78C3-5BD3-4AC1-97BF-272213A1C3C4}.Release|Any CPU.ActiveCfg = Release|Any CPU
		{5EEC78C3-5BD3-4AC1-97BF-272213A1C3C4}.Release|Any CPU.Build.0 = Release|Any CPU
		{9F5ACCB3-48AA-476D-9515-7C6CD86599C8}.Debug|Any CPU.ActiveCfg = Debug|Any CPU
		{9F5ACCB3-48AA-476D-9515-7C6CD86599C8}.Debug|Any CPU.Build.0 = Debug|Any CPU
		{9F5ACCB3-48AA-476D-9515-7C6CD86599C8}.Release|Any CPU.ActiveCfg = Release|Any CPU
		{9F5ACCB3-48AA-476D-9515-7C6CD86599C8}.Release|Any CPU.Build.0 = Release|Any CPU
		{B4D3B5BD-32A0-4728-837F-3F43D891CBDC}.Debug|Any CPU.ActiveCfg = Debug|Any CPU
		{B4D3B5BD-32A0-4728-837F-3F43D891CBDC}.Debug|Any CPU.Build.0 = Debug|Any CPU
		{B4D3B5BD-32A0-4728-837F-3F43D891CBDC}.Release|Any CPU.ActiveCfg = Release|Any CPU
		{B4D3B5BD-32A0-4728-837F-3F43D891CBDC}.Release|Any CPU.Build.0 = Release|Any CPU
		{EA2CA5A9-5DB0-47BF-835A-601CD8EF99B0}.Debug|Any CPU.ActiveCfg = Debug|Any CPU
		{EA2CA5A9-5DB0-47BF-835A-601CD8EF99B0}.Debug|Any CPU.Build.0 = Debug|Any CPU
		{EA2CA5A9-5DB0-47BF-835A-601CD8EF99B0}.Release|Any CPU.ActiveCfg = Release|Any CPU
		{EA2CA5A9-5DB0-47BF-835A-601CD8EF99B0}.Release|Any CPU.Build.0 = Release|Any CPU
		{08C64278-BD1B-4565-B703-E8D4CE46EAF9}.Debug|Any CPU.ActiveCfg = Debug|Any CPU
		{08C64278-BD1B-4565-B703-E8D4CE46EAF9}.Debug|Any CPU.Build.0 = Debug|Any CPU
		{08C64278-BD1B-4565-B703-E8D4CE46EAF9}.Release|Any CPU.ActiveCfg = Release|Any CPU
		{08C64278-BD1B-4565-B703-E8D4CE46EAF9}.Release|Any CPU.Build.0 = Release|Any CPU
		{3582D403-7B06-48E8-A22F-B931F6583028}.Debug|Any CPU.ActiveCfg = Debug|Any CPU
		{3582D403-7B06-48E8-A22F-B931F6583028}.Debug|Any CPU.Build.0 = Debug|Any CPU
		{3582D403-7B06-48E8-A22F-B931F6583028}.Release|Any CPU.ActiveCfg = Release|Any CPU
		{3582D403-7B06-48E8-A22F-B931F6583028}.Release|Any CPU.Build.0 = Release|Any CPU
		{8860B6AA-2640-4001-89BF-AB7518F558A6}.Debug|Any CPU.ActiveCfg = Debug|Any CPU
		{8860B6AA-2640-4001-89BF-AB7518F558A6}.Debug|Any CPU.Build.0 = Debug|Any CPU
		{8860B6AA-2640-4001-89BF-AB7518F558A6}.Release|Any CPU.ActiveCfg = Release|Any CPU
		{8860B6AA-2640-4001-89BF-AB7518F558A6}.Release|Any CPU.Build.0 = Release|Any CPU
		{E856FA79-D97A-4BA6-84AF-6A94F71AD0F1}.Debug|Any CPU.ActiveCfg = Debug|Any CPU
		{E856FA79-D97A-4BA6-84AF-6A94F71AD0F1}.Debug|Any CPU.Build.0 = Debug|Any CPU
		{E856FA79-D97A-4BA6-84AF-6A94F71AD0F1}.Release|Any CPU.ActiveCfg = Release|Any CPU
		{E856FA79-D97A-4BA6-84AF-6A94F71AD0F1}.Release|Any CPU.Build.0 = Release|Any CPU
		{E370A79C-0882-4F3F-931C-A044C73D1804}.Debug|Any CPU.ActiveCfg = Debug|Any CPU
		{E370A79C-0882-4F3F-931C-A044C73D1804}.Debug|Any CPU.Build.0 = Debug|Any CPU
		{E370A79C-0882-4F3F-931C-A044C73D1804}.Release|Any CPU.ActiveCfg = Release|Any CPU
		{E370A79C-0882-4F3F-931C-A044C73D1804}.Release|Any CPU.Build.0 = Release|Any CPU
		{12F84DB8-67EE-41C9-BB61-5B9EA4C2D7BC}.Debug|Any CPU.ActiveCfg = Debug|Any CPU
		{12F84DB8-67EE-41C9-BB61-5B9EA4C2D7BC}.Debug|Any CPU.Build.0 = Debug|Any CPU
		{12F84DB8-67EE-41C9-BB61-5B9EA4C2D7BC}.Release|Any CPU.ActiveCfg = Release|Any CPU
		{12F84DB8-67EE-41C9-BB61-5B9EA4C2D7BC}.Release|Any CPU.Build.0 = Release|Any CPU
		{A9A94EA2-F376-43D2-9B49-067C77312471}.Debug|Any CPU.ActiveCfg = Debug|Any CPU
		{A9A94EA2-F376-43D2-9B49-067C77312471}.Debug|Any CPU.Build.0 = Debug|Any CPU
		{A9A94EA2-F376-43D2-9B49-067C77312471}.Release|Any CPU.ActiveCfg = Release|Any CPU
		{A9A94EA2-F376-43D2-9B49-067C77312471}.Release|Any CPU.Build.0 = Release|Any CPU
		{A091BB90-6657-4C3B-A873-A7A8F4B1B7CF}.Debug|Any CPU.ActiveCfg = Debug|Any CPU
		{A091BB90-6657-4C3B-A873-A7A8F4B1B7CF}.Debug|Any CPU.Build.0 = Debug|Any CPU
		{A091BB90-6657-4C3B-A873-A7A8F4B1B7CF}.Release|Any CPU.ActiveCfg = Release|Any CPU
		{A091BB90-6657-4C3B-A873-A7A8F4B1B7CF}.Release|Any CPU.Build.0 = Release|Any CPU
		{785CECC1-9596-4C33-BE7C-CBE56E3F9711}.Debug|Any CPU.ActiveCfg = Debug|Any CPU
		{785CECC1-9596-4C33-BE7C-CBE56E3F9711}.Debug|Any CPU.Build.0 = Debug|Any CPU
		{785CECC1-9596-4C33-BE7C-CBE56E3F9711}.Release|Any CPU.ActiveCfg = Release|Any CPU
		{785CECC1-9596-4C33-BE7C-CBE56E3F9711}.Release|Any CPU.Build.0 = Release|Any CPU
		{4EE74914-9724-4D2D-90AB-B92F3B888847}.Debug|Any CPU.ActiveCfg = Debug|Any CPU
		{4EE74914-9724-4D2D-90AB-B92F3B888847}.Debug|Any CPU.Build.0 = Debug|Any CPU
		{4EE74914-9724-4D2D-90AB-B92F3B888847}.Release|Any CPU.ActiveCfg = Release|Any CPU
		{4EE74914-9724-4D2D-90AB-B92F3B888847}.Release|Any CPU.Build.0 = Release|Any CPU
		{304A1866-A0D6-45D7-B19F-2B2DB1625333}.Debug|Any CPU.ActiveCfg = Debug|Any CPU
		{304A1866-A0D6-45D7-B19F-2B2DB1625333}.Debug|Any CPU.Build.0 = Debug|Any CPU
		{304A1866-A0D6-45D7-B19F-2B2DB1625333}.Release|Any CPU.ActiveCfg = Release|Any CPU
		{304A1866-A0D6-45D7-B19F-2B2DB1625333}.Release|Any CPU.Build.0 = Release|Any CPU
		{0A79C74F-764F-43CF-8A84-631D562A2658}.Debug|Any CPU.ActiveCfg = Debug|Any CPU
		{0A79C74F-764F-43CF-8A84-631D562A2658}.Debug|Any CPU.Build.0 = Debug|Any CPU
		{0A79C74F-764F-43CF-8A84-631D562A2658}.Release|Any CPU.ActiveCfg = Release|Any CPU
		{0A79C74F-764F-43CF-8A84-631D562A2658}.Release|Any CPU.Build.0 = Release|Any CPU
		{4A23BD1A-4BE6-4DE5-BA24-C59B739E1E6C}.Debug|Any CPU.ActiveCfg = Debug|Any CPU
		{4A23BD1A-4BE6-4DE5-BA24-C59B739E1E6C}.Debug|Any CPU.Build.0 = Debug|Any CPU
		{4A23BD1A-4BE6-4DE5-BA24-C59B739E1E6C}.Release|Any CPU.ActiveCfg = Release|Any CPU
		{4A23BD1A-4BE6-4DE5-BA24-C59B739E1E6C}.Release|Any CPU.Build.0 = Release|Any CPU
		{7D24E0FF-EB22-4B8F-BD3B-E0BF4095223F}.Debug|Any CPU.ActiveCfg = Debug|Any CPU
		{7D24E0FF-EB22-4B8F-BD3B-E0BF4095223F}.Debug|Any CPU.Build.0 = Debug|Any CPU
		{7D24E0FF-EB22-4B8F-BD3B-E0BF4095223F}.Release|Any CPU.ActiveCfg = Release|Any CPU
		{7D24E0FF-EB22-4B8F-BD3B-E0BF4095223F}.Release|Any CPU.Build.0 = Release|Any CPU
		{7EBB2128-11EF-4E1E-A67C-BA4B05595481}.Debug|Any CPU.ActiveCfg = Debug|Any CPU
		{7EBB2128-11EF-4E1E-A67C-BA4B05595481}.Debug|Any CPU.Build.0 = Debug|Any CPU
		{7EBB2128-11EF-4E1E-A67C-BA4B05595481}.Release|Any CPU.ActiveCfg = Release|Any CPU
		{7EBB2128-11EF-4E1E-A67C-BA4B05595481}.Release|Any CPU.Build.0 = Release|Any CPU
		{9877E174-264E-427F-B6C7-02B15891ED57}.Debug|Any CPU.ActiveCfg = Debug|Any CPU
		{9877E174-264E-427F-B6C7-02B15891ED57}.Debug|Any CPU.Build.0 = Debug|Any CPU
		{9877E174-264E-427F-B6C7-02B15891ED57}.Release|Any CPU.ActiveCfg = Release|Any CPU
		{9877E174-264E-427F-B6C7-02B15891ED57}.Release|Any CPU.Build.0 = Release|Any CPU
		{FAB53C2A-E6AB-42D5-BD2E-D5399B8812DC}.Debug|Any CPU.ActiveCfg = Debug|Any CPU
		{FAB53C2A-E6AB-42D5-BD2E-D5399B8812DC}.Debug|Any CPU.Build.0 = Debug|Any CPU
		{FAB53C2A-E6AB-42D5-BD2E-D5399B8812DC}.Release|Any CPU.ActiveCfg = Release|Any CPU
		{FAB53C2A-E6AB-42D5-BD2E-D5399B8812DC}.Release|Any CPU.Build.0 = Release|Any CPU
	EndGlobalSection
	GlobalSection(SolutionProperties) = preSolution
		HideSolutionNode = FALSE
	EndGlobalSection
	GlobalSection(ExtensibilityGlobals) = postSolution
		SolutionGuid = {F20F9019-0F41-42F6-B871-03F5F0BE545A}
	EndGlobalSection
EndGlobal
